
Microsoft Visual Studio Solution File, Format Version 12.00
# Visual Studio Version 17
VisualStudioVersion = 17.8.34004.107
MinimumVisualStudioVersion = 10.0.40219.1
Project("{FAE04EC0-301F-11D3-BF4B-00C04F79EFBC}") = "TodoApp part 1", "TodoApp part 1\TodoApp part 1.csproj", "{19912B46-7867-4012-BE99-308BCD71FD53}"
EndProject
Global
	GlobalSection(SolutionConfigurationPlatforms) = preSolution
		Debug|Any CPU = Debug|Any CPU
		Release|Any CPU = Release|Any CPU
	EndGlobalSection
	GlobalSection(ProjectConfigurationPlatforms) = postSolution
		{19912B46-7867-4012-BE99-308BCD71FD53}.Debug|Any CPU.ActiveCfg = Debug|Any CPU
		{19912B46-7867-4012-BE99-308BCD71FD53}.Debug|Any CPU.Build.0 = Debug|Any CPU
		{19912B46-7867-4012-BE99-308BCD71FD53}.Release|Any CPU.ActiveCfg = Release|Any CPU
		{19912B46-7867-4012-BE99-308BCD71FD53}.Release|Any CPU.Build.0 = Release|Any CPU
	EndGlobalSection
	GlobalSection(SolutionProperties) = preSolution
		HideSolutionNode = FALSE
	EndGlobalSection
	GlobalSection(ExtensibilityGlobals) = postSolution
		SolutionGuid = {801F5DAB-DCB8-41F6-B76A-3683114C3414}
	EndGlobalSection
EndGlobal
